{
    "_readme": [
        "This file locks the dependencies of your project to a known state",
        "Read more about it at http://getcomposer.org/doc/01-basic-usage.md#composer-lock-the-lock-file"
    ],
    "hash": "bdaef06e5de9728c6ef3b7fbf263b8ed",
    "packages": [
        {
            "name": "components/html5-boilerplate",
            "version": "4.1.0",
            "source": {
                "type": "git",
                "url": "https://github.com/components/html5-boilerplate.git",
                "reference": "4.1.0"
            },
            "dist": {
                "type": "zip",
                "url": "https://api.github.com/repos/components/html5-boilerplate/zipball/4.1.0",
                "reference": "4.1.0",
                "shasum": ""
            },
            "require": {
                "components/jquery": ">=1.9.1",
                "components/modernizr": ">=2.6.2",
                "components/normalize.css": "1.1.*"
            },
            "type": "component",
            "extra": {
                "component": {
                    "styles": [
                        "css/main.css"
                    ]
                }
            },
            "notification-url": "https://packagist.org/downloads/",
            "license": [
                "MIT"
            ],
            "description": "HTML5 Boilerplate is a professional front-end template for building fast, robust, and adaptable web apps or sites.",
            "homepage": "http://html5boilerplate.com",
            "keywords": [
                "CSS3",
                "HTML5"
            ],
            "time": "2013-03-31 13:03:04"
        },
        {
            "name": "components/jquery",
            "version": "2.0.0",
            "source": {
                "type": "git",
                "url": "https://github.com/components/jquery.git",
                "reference": "2.0.0"
            },
            "dist": {
                "type": "zip",
                "url": "https://api.github.com/repos/components/jquery/zipball/2.0.0",
                "reference": "2.0.0",
                "shasum": ""
            },
            "require": {
                "robloach/component-installer": "*"
            },
            "type": "component",
            "extra": {
                "component": {
                    "scripts": [
                        "jquery.js"
                    ],
                    "files": [
                        "jquery.min.js",
                        "jquery-migrate.js",
                        "jquery-migrate.min.js"
                    ]
                }
            },
            "notification-url": "https://packagist.org/downloads/",
            "license": [
                "MIT"
            ],
            "authors": [
                {
                    "name": "John Resig",
                    "email": "jeresig@gmail.com",
                    "homepage": "http://ejohn.org/"
                }
            ],
            "description": "jQuery JavaScript Library",
            "homepage": "http://jquery.com",
            "time": "2013-04-19 17:06:35"
        },
        {
            "name": "components/modernizr",
            "version": "2.6.2",
            "source": {
                "type": "git",
                "url": "https://github.com/components/modernizr.git",
                "reference": "2.6.2"
            },
            "dist": {
                "type": "zip",
                "url": "https://api.github.com/repos/components/modernizr/zipball/2.6.2",
                "reference": "2.6.2",
                "shasum": ""
            },
            "require": {
                "robloach/component-installer": "*"
            },
            "type": "component",
            "extra": {
                "component": {
                    "scripts": [
                        "modernizr.js"
                    ],
                    "shim": {
                        "exports": "window.Modernizr"
                    }
                }
            },
            "notification-url": "https://packagist.org/downloads/",
            "license": [
                "MIT"
            ],
            "authors": [
                {
                    "name": "Modernizr",
                    "homepage": "http://modernizr.com"
                },
                {
                    "name": "Faruk Ates"
                },
                {
                    "name": "Paul Irish"
                },
                {
                    "name": "Alex Sexton"
                },
                {
                    "name": "Ryan Seddon"
                },
                {
                    "name": "Alexander Farkas"
                },
                {
                    "name": "Ben Alman"
                },
                {
                    "name": "Stu Cox"
                }
            ],
            "description": "Modernizr is a JavaScript library that detects HTML5 and CSS3 features in the user's browser.",
            "homepage": "http://modernizr.com",
            "keywords": [
                "CSS3",
                "HTML5",
                "browser",
                "feature detection"
            ],
            "time": "2013-03-31 12:34:31"
        },
        {
            "name": "components/normalize.css",
            "version": "1.1.1",
            "source": {
                "type": "git",
                "url": "https://github.com/components/normalize.css.git",
                "reference": "2.1.1"
            },
            "dist": {
                "type": "zip",
                "url": "https://api.github.com/repos/components/normalize.css/zipball/2.1.1",
                "reference": "2.1.1",
                "shasum": ""
            },
            "require": {
                "robloach/component-installer": "*"
            },
            "type": "component",
            "extra": {
                "component": {
                    "styles": [
                        "normalize.css"
                    ]
                }
            },
            "notification-url": "https://packagist.org/downloads/",
            "license": [
                "MIT"
            ],
            "description": "Normalize.css is a customisable CSS file that makes browsers render all elements more consistently and in line with modern standards.",
            "homepage": "http://necolas.github.com/normalize.css/",
            "time": "2013-04-13 19:46:11"
        },
        {
            "name": "kriswallsmith/assetic",
            "version": "v1.0.4",
            "source": {
                "type": "git",
                "url": "http://github.com/kriswallsmith/assetic.git",
                "reference": "v1.0.4"
            },
            "dist": {
                "type": "zip",
                "url": "https://github.com/kriswallsmith/assetic/zipball/v1.0.4",
                "reference": "v1.0.4",
                "shasum": ""
            },
            "require": {
                "php": ">=5.3.1"
            },
            "type": "library",
            "autoload": {
                "psr-0": {
                    "Assetic": "src/"
                }
            },
            "notification-url": "https://packagist.org/downloads/",
            "license": [
                "MIT"
            ],
            "authors": [
                {
                    "name": "Kris Wallsmith",
                    "email": "kris.wallsmith@gmail.com",
                    "homepage": "http://kriswallsmith.net/"
                }
            ],
            "description": "Asset Management for PHP",
            "homepage": "https://github.com/kriswallsmith/assetic",
            "keywords": [
                "assets",
                "compression",
                "minification"
            ],
            "time": "2012-08-28 05:18:28"
        },
        {
            "name": "robloach/component-installer",
            "version": "0.0.11",
            "source": {
                "type": "git",
                "url": "https://github.com/RobLoach/component-installer.git",
                "reference": "0.0.11"
            },
            "dist": {
                "type": "zip",
                "url": "https://api.github.com/repos/RobLoach/component-installer/zipball/0.0.11",
                "reference": "0.0.11",
                "shasum": ""
            },
            "require": {
                "kriswallsmith/assetic": "1.*",
                "php": ">=5.3.2"
            },
            "require-dev": {
                "composer/composer": "1.*"
            },
            "type": "composer-installer",
            "extra": {
                "class": "ComponentInstaller\\Installer"
            },
            "autoload": {
                "psr-0": {
                    "ComponentInstaller": "src/"
                }
            },
            "notification-url": "https://packagist.org/downloads/",
            "license": [
                "MIT"
            ],
            "authors": [
                {
                    "name": "Rob Loach",
                    "email": "robloach@gmail.com",
                    "homepage": "http://robloach.net"
                }
            ],
            "description": "Allows installation of Components via Composer.",
            "time": "2013-05-10 04:14:46"
        }
    ],
    "packages-dev": [

    ],
    "aliases": [

    ],
    "minimum-stability": "stable",
    "stability-flags": {
        "sculpin/sculpin": 20,
        "composer/composer": 20,
        "dflydev/embedded-composer": 20,
        "symfony/console": 20
    },
    "platform": [

    ],
    "platform-dev": [

    ]
}
